
Microsoft Visual Studio Solution File, Format Version 12.00
# Visual Studio Version 17
VisualStudioVersion = 17.8.34330.188
MinimumVisualStudioVersion = 10.0.40219.1
Project("{FAE04EC0-301F-11D3-BF4B-00C04F79EFBC}") = "Employee", "Employee\Employee.csproj", "{2E53AB9F-09DA-49F4-B7F1-46A2D6B7395E}"
EndProject
Global
	GlobalSection(SolutionConfigurationPlatforms) = preSolution
		Debug|Any CPU = Debug|Any CPU
		Release|Any CPU = Release|Any CPU
	EndGlobalSection
	GlobalSection(ProjectConfigurationPlatforms) = postSolution
		{2E53AB9F-09DA-49F4-B7F1-46A2D6B7395E}.Debug|Any CPU.ActiveCfg = Debug|Any CPU
		{2E53AB9F-09DA-49F4-B7F1-46A2D6B7395E}.Debug|Any CPU.Build.0 = Debug|Any CPU
		{2E53AB9F-09DA-49F4-B7F1-46A2D6B7395E}.Release|Any CPU.ActiveCfg = Release|Any CPU
		{2E53AB9F-09DA-49F4-B7F1-46A2D6B7395E}.Release|Any CPU.Build.0 = Release|Any CPU
	EndGlobalSection
	GlobalSection(SolutionProperties) = preSolution
		HideSolutionNode = FALSE
	EndGlobalSection
	GlobalSection(ExtensibilityGlobals) = postSolution
		SolutionGuid = {736FCB9B-CE45-48EE-907F-B1613CE091AC}
	EndGlobalSection
EndGlobal
